
Microsoft Visual Studio Solution File, Format Version 12.00
# Visual Studio Version 17
VisualStudioVersion = 17.3.32929.385
MinimumVisualStudioVersion = 10.0.40219.1
Project("{9A19103F-16F7-4668-BE54-9A1E7A4F7556}") = "BlazingShop", "BlazingShop.csproj", "{0B79AD8F-E946-44DC-BAF2-348D32523607}"
EndProject
Global
	GlobalSection(SolutionConfigurationPlatforms) = preSolution
		Debug|Any CPU = Debug|Any CPU
		Release|Any CPU = Release|Any CPU
	EndGlobalSection
	GlobalSection(ProjectConfigurationPlatforms) = postSolution
		{0B79AD8F-E946-44DC-BAF2-348D32523607}.Debug|Any CPU.ActiveCfg = Debug|Any CPU
		{0B79AD8F-E946-44DC-BAF2-348D32523607}.Debug|Any CPU.Build.0 = Debug|Any CPU
		{0B79AD8F-E946-44DC-BAF2-348D32523607}.Release|Any CPU.ActiveCfg = Release|Any CPU
		{0B79AD8F-E946-44DC-BAF2-348D32523607}.Release|Any CPU.Build.0 = Release|Any CPU
	EndGlobalSection
	GlobalSection(SolutionProperties) = preSolution
		HideSolutionNode = FALSE
	EndGlobalSection
	GlobalSection(ExtensibilityGlobals) = postSolution
		SolutionGuid = {EADE5EF6-DF83-4990-B4AC-23364D9B625E}
	EndGlobalSection
EndGlobal
